// !$*UTF8*$!
{
	archiveVersion = 1;
	classes = {
	};
	objectVersion = 46;
	objects = {

/* Begin PBXBuildFile section */
		3F99AA2CA0535B9E8EBCCD65 /* libPods-CurrencyConversion.a in Frameworks */ = {isa = PBXBuildFile; fileRef = 056712DDC1663032A49D9F44 /* libPods-CurrencyConversion.a */; };
		919E5FF71E75314F00E93564 /* main.m in Sources */ = {isa = PBXBuildFile; fileRef = 919E5FF61E75314F00E93564 /* main.m */; };
		919E5FFA1E75314F00E93564 /* AppDelegate.m in Sources */ = {isa = PBXBuildFile; fileRef = 919E5FF91E75314F00E93564 /* AppDelegate.m */; };
		919E5FFD1E75314F00E93564 /* ViewController.m in Sources */ = {isa = PBXBuildFile; fileRef = 919E5FFC1E75314F00E93564 /* ViewController.m */; };
		919E60001E75314F00E93564 /* Main.storyboard in Resources */ = {isa = PBXBuildFile; fileRef = 919E5FFE1E75314F00E93564 /* Main.storyboard */; };
		919E60021E75314F00E93564 /* Assets.xcassets in Resources */ = {isa = PBXBuildFile; fileRef = 919E60011E75314F00E93564 /* Assets.xcassets */; };
		919E60051E75314F00E93564 /* LaunchScreen.storyboard in Resources */ = {isa = PBXBuildFile; fileRef = 919E60031E75314F00E93564 /* LaunchScreen.storyboard */; };
/* End PBXBuildFile section */

/* Begin PBXFileReference section */
		056712DDC1663032A49D9F44 /* libPods-CurrencyConversion.a */ = {isa = PBXFileReference; explicitFileType = archive.ar; includeInIndex = 0; path = "libPods-CurrencyConversion.a"; sourceTree = BUILT_PRODUCTS_DIR; };
		43F4F55F04C7AFFCBC84472A /* Pods-CurrencyConversion.debug.xcconfig */ = {isa = PBXFileReference; includeInIndex = 1; lastKnownFileType = text.xcconfig; name = "Pods-CurrencyConversion.debug.xcconfig"; path = "Pods/Target Support Files/Pods-CurrencyConversion/Pods-CurrencyConversion.debug.xcconfig"; sourceTree = "<group>"; };
		6C4BFA251056C70A8755E8B0 /* Pods-CurrencyConversion.release.xcconfig */ = {isa = PBXFileReference; includeInIndex = 1; lastKnownFileType = text.xcconfig; name = "Pods-CurrencyConversion.release.xcconfig"; path = "Pods/Target Support Files/Pods-CurrencyConversion/Pods-CurrencyConversion.release.xcconfig"; sourceTree = "<group>"; };
		919E5FF21E75314F00E93564 /* CurrencyConversion.app */ = {isa = PBXFileReference; explicitFileType = wrapper.application; includeInIndex = 0; path = CurrencyConversion.app; sourceTree = BUILT_PRODUCTS_DIR; };
		919E5FF61E75314F00E93564 /* main.m */ = {isa = PBXFileReference; lastKnownFileType = sourcecode.c.objc; path = main.m; sourceTree = "<group>"; };
		919E5FF81E75314F00E93564 /* AppDelegate.h */ = {isa = PBXFileReference; lastKnownFileType = sourcecode.c.h; path = AppDelegate.h; sourceTree = "<group>"; };
		919E5FF91E75314F00E93564 /* AppDelegate.m */ = {isa = PBXFileReference; lastKnownFileType = sourcecode.c.objc; path = AppDelegate.m; sourceTree = "<group>"; };
		919E5FFB1E75314F00E93564 /* ViewController.h */ = {isa = PBXFileReference; lastKnownFileType = sourcecode.c.h; path = ViewController.h; sourceTree = "<group>"; };
		919E5FFC1E75314F00E93564 /* ViewController.m */ = {isa = PBXFileReference; lastKnownFileType = sourcecode.c.objc; path = ViewController.m; sourceTree = "<group>"; };
		919E5FFF1E75314F00E93564 /* Base */ = {isa = PBXFileReference; lastKnownFileType = file.storyboard; name = Base; path = Base.lproj/Main.storyboard; sourceTree = "<group>"; };
		919E60011E75314F00E93564 /* Assets.xcassets */ = {isa = PBXFileReference; lastKnownFileType = folder.assetcatalog; path = Assets.xcassets; sourceTree = "<group>"; };
		919E60041E75314F00E93564 /* Base */ = {isa = PBXFileReference; lastKnownFileType = file.storyboard; name = Base; path = Base.lproj/LaunchScreen.storyboard; sourceTree = "<group>"; };
		919E60061E75314F00E93564 /* Info.plist */ = {isa = PBXFileReference; lastKnownFileType = text.plist.xml; path = Info.plist; sourceTree = "<group>"; };
/* End PBXFileReference section */

/* Begin PBXFrameworksBuildPhase section */
		919E5FEF1E75314E00E93564 /* Frameworks */ = {
			isa = PBXFrameworksBuildPhase;
			buildActionMask = 2147483647;
			files = (
				3F99AA2CA0535B9E8EBCCD65 /* libPods-CurrencyConversion.a in Frameworks */,
			);
			runOnlyForDeploymentPostprocessing = 0;
		};
/* End PBXFrameworksBuildPhase section */

/* Begin PBXGroup section */
		6AC8DBF2FD2BD788BD0C196C /* Frameworks */ = {
			isa = PBXGroup;
			children = (
				056712DDC1663032A49D9F44 /* libPods-CurrencyConversion.a */,
			);
			name = Frameworks;
			sourceTree = "<group>";
		};
		919E5FE91E75314E00E93564 = {
			isa = PBXGroup;
			children = (
				919E5FF41E75314F00E93564 /* CurrencyConversion */,
				919E5FF31E75314F00E93564 /* Products */,
				C44FB59FCF2C3799A6C5A9C5 /* Pods */,
				6AC8DBF2FD2BD788BD0C196C /* Frameworks */,
			);
			sourceTree = "<group>";
		};
		919E5FF31E75314F00E93564 /* Products */ = {
			isa = PBXGroup;
			children = (
				919E5FF21E75314F00E93564 /* CurrencyConversion.app */,
			);
			name = Products;
			sourceTree = "<group>";
		};
		919E5FF41E75314F00E93564 /* CurrencyConversion */ = {
			isa = PBXGroup;
			children = (
				919E5FF81E75314F00E93564 /* AppDelegate.h */,
				919E5FF91E75314F00E93564 /* AppDelegate.m */,
				919E5FFB1E75314F00E93564 /* ViewController.h */,
				919E5FFC1E75314F00E93564 /* ViewController.m */,
				919E5FFE1E75314F00E93564 /* Main.storyboard */,
				919E60011E75314F00E93564 /* Assets.xcassets */,
				919E60031E75314F00E93564 /* LaunchScreen.storyboard */,
				919E60061E75314F00E93564 /* Info.plist */,
				919E5FF51E75314F00E93564 /* Supporting Files */,
			);
			path = CurrencyConversion;
			sourceTree = "<group>";
		};
		919E5FF51E75314F00E93564 /* Supporting Files */ = {
			isa = PBXGroup;
			children = (
				919E5FF61E75314F00E93564 /* main.m */,
			);
			name = "Supporting Files";
			sourceTree = "<group>";
		};
		C44FB59FCF2C3799A6C5A9C5 /* Pods */ = {
			isa = PBXGroup;
			children = (
				43F4F55F04C7AFFCBC84472A /* Pods-CurrencyConversion.debug.xcconfig */,
				6C4BFA251056C70A8755E8B0 /* Pods-CurrencyConversion.release.xcconfig */,
			);
			name = Pods;
			sourceTree = "<group>";
		};
/* End PBXGroup section */

/* Begin PBXNativeTarget section */
		919E5FF11E75314E00E93564 /* CurrencyConversion */ = {
			isa = PBXNativeTarget;
			buildConfigurationList = 919E60091E75314F00E93564 /* Build configuration list for PBXNativeTarget "CurrencyConversion" */;
			buildPhases = (
				4F52EC83ABECDB223E1FB43E /* [CP] Check Pods Manifest.lock */,
				919E5FEE1E75314E00E93564 /* Sources */,
				919E5FEF1E75314E00E93564 /* Frameworks */,
				919E5FF01E75314E00E93564 /* Resources */,
				B223325EDBDF36EE3EAA50A7 /* [CP] Embed Pods Frameworks */,
				EFFE823CC3D721E868052600 /* [CP] Copy Pods Resources */,
			);
			buildRules = (
			);
			dependencies = (
			);
			name = CurrencyConversion;
			productName = CurrencyConversion;
			productReference = 919E5FF21E75314F00E93564 /* CurrencyConversion.app */;
			productType = "com.apple.product-type.application";
		};
/* End PBXNativeTarget section */

/* Begin PBXProject section */
		919E5FEA1E75314E00E93564 /* Project object */ = {
			isa = PBXProject;
			attributes = {
				LastUpgradeCheck = 0820;
				ORGANIZATIONNAME = alcoderithm;
				TargetAttributes = {
					919E5FF11E75314E00E93564 = {
						CreatedOnToolsVersion = 8.2.1;
						DevelopmentTeam = R869Q8685N;
						ProvisioningStyle = Automatic;
					};
				};
			};
			buildConfigurationList = 919E5FED1E75314E00E93564 /* Build configuration list for PBXProject "CurrencyConversion" */;
			compatibilityVersion = "Xcode 3.2";
			developmentRegion = English;
			hasScannedForEncodings = 0;
			knownRegions = (
				en,
				Base,
			);
			mainGroup = 919E5FE91E75314E00E93564;
			productRefGroup = 919E5FF31E75314F00E93564 /* Products */;
			projectDirPath = "";
			projectRoot = "";
			targets = (
				919E5FF11E75314E00E93564 /* CurrencyConversion */,
			);
		};
/* End PBXProject section */

/* Begin PBXResourcesBuildPhase section */
		919E5FF01E75314E00E93564 /* Resources */ = {
			isa = PBXResourcesBuildPhase;
			buildActionMask = 2147483647;
			files = (
				919E60051E75314F00E93564 /* LaunchScreen.storyboard in Resources */,
				919E60021E75314F00E93564 /* Assets.xcassets in Resources */,
				919E60001E75314F00E93564 /* Main.storyboard in Resources */,
			);
			runOnlyForDeploymentPostprocessing = 0;
		};
/* End PBXResourcesBuildPhase section */

/* Begin PBXShellScriptBuildPhase section */
		4F52EC83ABECDB223E1FB43E /* [CP] Check Pods Manifest.lock */ = {
			isa = PBXShellScriptBuildPhase;
			buildActionMask = 2147483647;
			files = (
			);
			inputPaths = (
			);
			name = "[CP] Check Pods Manifest.lock";
			outputPaths = (
			);
			runOnlyForDeploymentPostprocessing = 0;
			shellPath = /bin/sh;
			shellScript = "diff \"${PODS_ROOT}/../Podfile.lock\" \"${PODS_ROOT}/Manifest.lock\" > /dev/null\nif [ $? != 0 ] ; then\n    # print error to STDERR\n    echo \"error: The sandbox is not in sync with the Podfile.lock. Run 'pod install' or update your CocoaPods installation.\" >&2\n    exit 1\nfi\n";
			showEnvVarsInLog = 0;
		};
		B223325EDBDF36EE3EAA50A7 /* [CP] Embed Pods Frameworks */ = {
			isa = PBXShellScriptBuildPhase;
			buildActionMask = 2147483647;
			files = (
			);
			inputPaths = (
			);
			name = "[CP] Embed Pods Frameworks";
			outputPaths = (
			);
			runOnlyForDeploymentPostprocessing = 0;
			shellPath = /bin/sh;
			shellScript = "\"${SRCROOT}/Pods/Target Support Files/Pods-CurrencyConversion/Pods-CurrencyConversion-frameworks.sh\"\n";
			showEnvVarsInLog = 0;
		};
		EFFE823CC3D721E868052600 /* [CP] Copy Pods Resources */ = {
			isa = PBXShellScriptBuildPhase;
			buildActionMask = 2147483647;
			files = (
			);
			inputPaths = (
			);
			name = "[CP] Copy Pods Resources";
			outputPaths = (
			);
			runOnlyForDeploymentPostprocessing = 0;
			shellPath = /bin/sh;
			shellScript = "\"${SRCROOT}/Pods/Target Support Files/Pods-CurrencyConversion/Pods-CurrencyConversion-resources.sh\"\n";
			showEnvVarsInLog = 0;
		};
/* End PBXShellScriptBuildPhase section */

/* Begin PBXSourcesBuildPhase section */
		919E5FEE1E75314E00E93564 /* Sources */ = {
			isa = PBXSourcesBuildPhase;
			buildActionMask = 2147483647;
			files = (
				919E5FFD1E75314F00E93564 /* ViewController.m in Sources */,
				919E5FFA1E75314F00E93564 /* AppDelegate.m in Sources */,
				919E5FF71E75314F00E93564 /* main.m in Sources */,
			);
			runOnlyForDeploymentPostprocessing = 0;
		};
/* End PBXSourcesBuildPhase section */

/* Begin PBXVariantGroup section */
		919E5FFE1E75314F00E93564 /* Main.storyboard */ = {
			isa = PBXVariantGroup;
			children = (
				919E5FFF1E75314F00E93564 /* Base */,
			);
			name = Main.storyboard;
			sourceTree = "<group>";
		};
		919E60031E75314F00E93564 /* LaunchScreen.storyboard */ = {
			isa = PBXVariantGroup;
			children = (
				919E60041E75314F00E93564 /* Base */,
			);
			name = LaunchScreen.storyboard;
			sourceTree = "<group>";
		};
/* End PBXVariantGroup section */

/* Begin XCBuildConfiguration section */
		919E60071E75314F00E93564 /* Debug */ = {
			isa = XCBuildConfiguration;
			buildSettings = {
				ALWAYS_SEARCH_USER_PATHS = NO;
				CLANG_ANALYZER_NONNULL = YES;
				CLANG_CXX_LANGUAGE_STANDARD = "gnu++0x";
				CLANG_CXX_LIBRARY = "libc++";
				CLANG_ENABLE_MODULES = YES;
				CLANG_ENABLE_OBJC_ARC = YES;
				CLANG_WARN_BOOL_CONVERSION = YES;
				CLANG_WARN_CONSTANT_CONVERSION = YES;
				CLANG_WARN_DIRECT_OBJC_ISA_USAGE = YES_ERROR;
				CLANG_WARN_DOCUMENTATION_COMMENTS = YES;
				CLANG_WARN_EMPTY_BODY = YES;
				CLANG_WARN_ENUM_CONVERSION = YES;
				CLANG_WARN_INFINITE_RECURSION = YES;
				CLANG_WARN_INT_CONVERSION = YES;
				CLANG_WARN_OBJC_ROOT_CLASS = YES_ERROR;
				CLANG_WARN_SUSPICIOUS_MOVE = YES;
				CLANG_WARN_UNREACHABLE_CODE = YES;
				CLANG_WARN__DUPLICATE_METHOD_MATCH = YES;
				"CODE_SIGN_IDENTITY[sdk=iphoneos*]" = "iPhone Developer";
				COPY_PHASE_STRIP = NO;
				DEBUG_INFORMATION_FORMAT = dwarf;
				ENABLE_STRICT_OBJC_MSGSEND = YES;
				ENABLE_TESTABILITY = YES;
				GCC_C_LANGUAGE_STANDARD = gnu99;
				GCC_DYNAMIC_NO_PIC = NO;
				GCC_NO_COMMON_BLOCKS = YES;
				GCC_OPTIMIZATION_LEVEL = 0;
				GCC_PREPROCESSOR_DEFINITIONS = (
					"DEBUG=1",
					"$(inherited)",
				);
				GCC_WARN_64_TO_32_BIT_CONVERSION = YES;
				GCC_WARN_ABOUT_RETURN_TYPE = YES_ERROR;
				GCC_WARN_UNDECLARED_SELECTOR = YES;
				GCC_WARN_UNINITIALIZED_AUTOS = YES_AGGRESSIVE;
				GCC_WARN_UNUSED_FUNCTION = YES;
				GCC_WARN_UNUSED_VARIABLE = YES;
				IPHONEOS_DEPLOYMENT_TARGET = 10.2;
				MTL_ENABLE_DEBUG_INFO = YES;
				ONLY_ACTIVE_ARCH = YES;
				SDKROOT = iphoneos;
				TARGETED_DEVICE_FAMILY = "1,2";
			};
			name = Debug;
		};
		919E60081E75314F00E93564 /* Release */ = {
			isa = XCBuildConfiguration;
			buildSettings = {
				ALWAYS_SEARCH_USER_PATHS = NO;
				CLANG_ANALYZER_NONNULL = YES;
				CLANG_CXX_LANGUAGE_STANDARD = "gnu++0x";
				CLANG_CXX_LIBRARY = "libc++";
				CLANG_ENABLE_MODULES = YES;
				CLANG_ENABLE_OBJC_ARC = YES;
				CLANG_WARN_BOOL_CONVERSION = YES;
				CLANG_WARN_CONSTANT_CONVERSION = YES;
				CLANG_WARN_DIRECT_OBJC_ISA_USAGE = YES_ERROR;
				CLANG_WARN_DOCUMENTATION_COMMENTS = YES;
				CLANG_WARN_EMPTY_BODY = YES;
				CLANG_WARN_ENUM_CONVERSION = YES;
				CLANG_WARN_INFINITE_RECURSION = YES;
				CLANG_WARN_INT_CONVERSION = YES;
				CLANG_WARN_OBJC_ROOT_CLASS = YES_ERROR;
				CLANG_WARN_SUSPICIOUS_MOVE = YES;
				CLANG_WARN_UNREACHABLE_CODE = YES;
				CLANG_WARN__DUPLICATE_METHOD_MATCH = YES;
				"CODE_SIGN_IDENTITY[sdk=iphoneos*]" = "iPhone Developer";
				COPY_PHASE_STRIP = NO;
				DEBUG_INFORMATION_FORMAT = "dwarf-with-dsym";
				ENABLE_NS_ASSERTIONS = NO;
				ENABLE_STRICT_OBJC_MSGSEND = YES;
				GCC_C_LANGUAGE_STANDARD = gnu99;
				GCC_NO_COMMON_BLOCKS = YES;
				GCC_WARN_64_TO_32_BIT_CONVERSION = YES;
				GCC_WARN_ABOUT_RETURN_TYPE = YES_ERROR;
				GCC_WARN_UNDECLARED_SELECTOR = YES;
				GCC_WARN_UNINITIALIZED_AUTOS = YES_AGGRESSIVE;
				GCC_WARN_UNUSED_FUNCTION = YES;
				GCC_WARN_UNUSED_VARIABLE = YES;
				IPHONEOS_DEPLOYMENT_TARGET = 10.2;
				MTL_ENABLE_DEBUG_INFO = NO;
				SDKROOT = iphoneos;
				TARGETED_DEVICE_FAMILY = "1,2";
				VALIDATE_PRODUCT = YES;
			};
			name = Release;
		};
		919E600A1E75314F00E93564 /* Debug */ = {
			isa = XCBuildConfiguration;
			baseConfigurationReference = 43F4F55F04C7AFFCBC84472A /* Pods-CurrencyConversion.debug.xcconfig */;
			buildSettings = {
				ASSETCATALOG_COMPILER_APPICON_NAME = AppIcon;
				DEVELOPMENT_TEAM = R869Q8685N;
				INFOPLIST_FILE = CurrencyConversion/Info.plist;
				LD_RUNPATH_SEARCH_PATHS = "$(inherited) @executable_path/Frameworks";
				PRODUCT_BUNDLE_IDENTIFIER = com.alcoderithm.CurrencyConversion;
				PRODUCT_NAME = "$(TARGET_NAME)";
			};
			name = Debug;
		};
		919E600B1E75314F00E93564 /* Release */ = {
			isa = XCBuildConfiguration;
			baseConfigurationReference = 6C4BFA251056C70A8755E8B0 /* Pods-CurrencyConversion.release.xcconfig */;
			buildSettings = {
				ASSETCATALOG_COMPILER_APPICON_NAME = AppIcon;
				DEVELOPMENT_TEAM = R869Q8685N;
				INFOPLIST_FILE = CurrencyConversion/Info.plist;
				LD_RUNPATH_SEARCH_PATHS = "$(inherited) @executable_path/Frameworks";
				PRODUCT_BUNDLE_IDENTIFIER = com.alcoderithm.CurrencyConversion;
				PRODUCT_NAME = "$(TARGET_NAME)";
			};
			name = Release;
		};
/* End XCBuildConfiguration section */

/* Begin XCConfigurationList section */
		919E5FED1E75314E00E93564 /* Build configuration list for PBXProject "CurrencyConversion" */ = {
			isa = XCConfigurationList;
			buildConfigurations = (
				919E60071E75314F00E93564 /* Debug */,
				919E60081E75314F00E93564 /* Release */,
			);
			defaultConfigurationIsVisible = 0;
			defaultConfigurationName = Release;
		};
		919E60091E75314F00E93564 /* Build configuration list for PBXNativeTarget "CurrencyConversion" */ = {
			isa = XCConfigurationList;
			buildConfigurations = (
				919E600A1E75314F00E93564 /* Debug */,
				919E600B1E75314F00E93564 /* Release */,
			);
			defaultConfigurationIsVisible = 0;
			defaultConfigurationName = Release;
		};
/* End XCConfigurationList section */
	};
	rootObject = 919E5FEA1E75314E00E93564 /* Project object */;
}
